
Microsoft Visual Studio Solution File, Format Version 12.00
# Visual Studio Version 16
VisualStudioVersion = 16.0.30114.105
MinimumVisualStudioVersion = 10.0.40219.1
Project("{FAE04EC0-301F-11D3-BF4B-00C04F79EFBC}") = "SampleBot", "SampleBot\SampleBot.csproj", "{95AEA45C-3F61-408F-996B-9778BB758645}"
EndProject
Project("{FAE04EC0-301F-11D3-BF4B-00C04F79EFBC}") = "SampleChannel", "SampleChannel\SampleChannel.csproj", "{C66A88B6-8064-47C9-B6DC-2D8EB435F5C9}"
EndProject
Global
	GlobalSection(SolutionConfigurationPlatforms) = preSolution
		Debug|Any CPU = Debug|Any CPU
		Release|Any CPU = Release|Any CPU
	EndGlobalSection
	GlobalSection(ProjectConfigurationPlatforms) = postSolution
		{95AEA45C-3F61-408F-996B-9778BB758645}.Debug|Any CPU.ActiveCfg = Debug|Any CPU
		{95AEA45C-3F61-408F-996B-9778BB758645}.Debug|Any CPU.Build.0 = Debug|Any CPU
		{95AEA45C-3F61-408F-996B-9778BB758645}.Release|Any CPU.ActiveCfg = Release|Any CPU
		{95AEA45C-3F61-408F-996B-9778BB758645}.Release|Any CPU.Build.0 = Release|Any CPU
		{C66A88B6-8064-47C9-B6DC-2D8EB435F5C9}.Debug|Any CPU.ActiveCfg = Debug|Any CPU
		{C66A88B6-8064-47C9-B6DC-2D8EB435F5C9}.Debug|Any CPU.Build.0 = Debug|Any CPU
		{C66A88B6-8064-47C9-B6DC-2D8EB435F5C9}.Release|Any CPU.ActiveCfg = Release|Any CPU
		{C66A88B6-8064-47C9-B6DC-2D8EB435F5C9}.Release|Any CPU.Build.0 = Release|Any CPU
	EndGlobalSection
	GlobalSection(SolutionProperties) = preSolution
		HideSolutionNode = FALSE
	EndGlobalSection
	GlobalSection(ExtensibilityGlobals) = postSolution
		SolutionGuid = {C8F8D72A-D82E-4869-8EA3-C60D05676107}
	EndGlobalSection
EndGlobal
